
Microsoft Visual Studio Solution File, Format Version 12.00
# Visual Studio Version 16
VisualStudioVersion = 16.0.29509.3
MinimumVisualStudioVersion = 10.0.40219.1
Project("{FAE04EC0-301F-11D3-BF4B-00C04F79EFBC}") = "xxKleptomania", "xxKleptomania.csproj", "{84CA9E18-CA43-4DAD-998C-ABD04658B43A}"
EndProject
Global
	GlobalSection(SolutionConfigurationPlatforms) = preSolution
		Debug|Any CPU = Debug|Any CPU
		Release|Any CPU = Release|Any CPU
	EndGlobalSection
	GlobalSection(ProjectConfigurationPlatforms) = postSolution
		{84CA9E18-CA43-4DAD-998C-ABD04658B43A}.Debug|Any CPU.ActiveCfg = Debug|Any CPU
		{84CA9E18-CA43-4DAD-998C-ABD04658B43A}.Debug|Any CPU.Build.0 = Debug|Any CPU
		{84CA9E18-CA43-4DAD-998C-ABD04658B43A}.Release|Any CPU.ActiveCfg = Release|Any CPU
		{84CA9E18-CA43-4DAD-998C-ABD04658B43A}.Release|Any CPU.Build.0 = Release|Any CPU
	EndGlobalSection
	GlobalSection(SolutionProperties) = preSolution
		HideSolutionNode = FALSE
	EndGlobalSection
	GlobalSection(ExtensibilityGlobals) = postSolution
		SolutionGuid = {99FD662B-98F2-4434-AEA8-8834551F32A1}
	EndGlobalSection
EndGlobal
